
Microsoft Visual Studio Solution File, Format Version 12.00
# Visual Studio Version 17
VisualStudioVersion = 17.11.35312.102
MinimumVisualStudioVersion = 10.0.40219.1
Project("{FAE04EC0-301F-11D3-BF4B-00C04F79EFBC}") = "Rubrica", "Rubrica.csproj", "{146C33B3-04C1-4F95-844E-EAEF05B141A7}"
EndProject
Global
	GlobalSection(SolutionConfigurationPlatforms) = preSolution
		Debug|Any CPU = Debug|Any CPU
		Release|Any CPU = Release|Any CPU
	EndGlobalSection
	GlobalSection(ProjectConfigurationPlatforms) = postSolution
		{146C33B3-04C1-4F95-844E-EAEF05B141A7}.Debug|Any CPU.ActiveCfg = Debug|Any CPU
		{146C33B3-04C1-4F95-844E-EAEF05B141A7}.Debug|Any CPU.Build.0 = Debug|Any CPU
		{146C33B3-04C1-4F95-844E-EAEF05B141A7}.Release|Any CPU.ActiveCfg = Release|Any CPU
		{146C33B3-04C1-4F95-844E-EAEF05B141A7}.Release|Any CPU.Build.0 = Release|Any CPU
	EndGlobalSection
	GlobalSection(SolutionProperties) = preSolution
		HideSolutionNode = FALSE
	EndGlobalSection
	GlobalSection(ExtensibilityGlobals) = postSolution
		SolutionGuid = {7CF7FCF5-4B37-4882-90D5-AE991A6E3F41}
	EndGlobalSection
EndGlobal
